
Microsoft Visual Studio Solution File, Format Version 12.00
# Visual Studio Version 16
VisualStudioVersion = 16.0.29911.84
MinimumVisualStudioVersion = 10.0.40219.1
Project("{FAE04EC0-301F-11D3-BF4B-00C04F79EFBC}") = "API", "API.csproj", "{C5B70808-953E-4000-B45C-ADE70C156B2B}"
EndProject
Project("{FAE04EC0-301F-11D3-BF4B-00C04F79EFBC}") = "DAO", "..\App 12-6(2)\App-Covid-19\DAO\DAO.csproj", "{99F8EB88-BD40-4F85-B365-D889DC99372D}"
EndProject
Project("{FAE04EC0-301F-11D3-BF4B-00C04F79EFBC}") = "Entidades", "..\App 12-6(2)\App-Covid-19\Entidades\Entidades.csproj", "{E1FC45C0-C7F1-41FC-887E-BBBE38321F1F}"
EndProject
Project("{FAE04EC0-301F-11D3-BF4B-00C04F79EFBC}") = "Servicios", "..\App 12-6(2)\App-Covid-19\Servicios\Servicios.csproj", "{A80D23E9-4238-47AE-AE8C-E27E05B0A0F2}"
EndProject
Project("{FAE04EC0-301F-11D3-BF4B-00C04F79EFBC}") = "WebCovid19", "..\App 12-6(2)\App-Covid-19\WebCovid19\WebCovid19.csproj", "{58E20C6E-1CAF-4CBB-93CD-550E015E484A}"
EndProject
Project("{FAE04EC0-301F-11D3-BF4B-00C04F79EFBC}") = "ProyectoEmpty", "ProyectoEmpty\ProyectoEmpty.csproj", "{776A711C-C274-4A21-92AB-500D92B0270D}"
	ProjectSection(ProjectDependencies) = postProject
		{C5B70808-953E-4000-B45C-ADE70C156B2B} = {C5B70808-953E-4000-B45C-ADE70C156B2B}
	EndProjectSection
EndProject
Global
	GlobalSection(SolutionConfigurationPlatforms) = preSolution
		Debug|Any CPU = Debug|Any CPU
		Release|Any CPU = Release|Any CPU
	EndGlobalSection
	GlobalSection(ProjectConfigurationPlatforms) = postSolution
		{C5B70808-953E-4000-B45C-ADE70C156B2B}.Debug|Any CPU.ActiveCfg = Debug|Any CPU
		{C5B70808-953E-4000-B45C-ADE70C156B2B}.Debug|Any CPU.Build.0 = Debug|Any CPU
		{C5B70808-953E-4000-B45C-ADE70C156B2B}.Release|Any CPU.ActiveCfg = Release|Any CPU
		{C5B70808-953E-4000-B45C-ADE70C156B2B}.Release|Any CPU.Build.0 = Release|Any CPU
		{99F8EB88-BD40-4F85-B365-D889DC99372D}.Debug|Any CPU.ActiveCfg = Debug|Any CPU
		{99F8EB88-BD40-4F85-B365-D889DC99372D}.Debug|Any CPU.Build.0 = Debug|Any CPU
		{99F8EB88-BD40-4F85-B365-D889DC99372D}.Release|Any CPU.ActiveCfg = Release|Any CPU
		{99F8EB88-BD40-4F85-B365-D889DC99372D}.Release|Any CPU.Build.0 = Release|Any CPU
		{E1FC45C0-C7F1-41FC-887E-BBBE38321F1F}.Debug|Any CPU.ActiveCfg = Debug|Any CPU
		{E1FC45C0-C7F1-41FC-887E-BBBE38321F1F}.Debug|Any CPU.Build.0 = Debug|Any CPU
		{E1FC45C0-C7F1-41FC-887E-BBBE38321F1F}.Release|Any CPU.ActiveCfg = Release|Any CPU
		{E1FC45C0-C7F1-41FC-887E-BBBE38321F1F}.Release|Any CPU.Build.0 = Release|Any CPU
		{A80D23E9-4238-47AE-AE8C-E27E05B0A0F2}.Debug|Any CPU.ActiveCfg = Debug|Any CPU
		{A80D23E9-4238-47AE-AE8C-E27E05B0A0F2}.Debug|Any CPU.Build.0 = Debug|Any CPU
		{A80D23E9-4238-47AE-AE8C-E27E05B0A0F2}.Release|Any CPU.ActiveCfg = Release|Any CPU
		{A80D23E9-4238-47AE-AE8C-E27E05B0A0F2}.Release|Any CPU.Build.0 = Release|Any CPU
		{58E20C6E-1CAF-4CBB-93CD-550E015E484A}.Debug|Any CPU.ActiveCfg = Debug|Any CPU
		{58E20C6E-1CAF-4CBB-93CD-550E015E484A}.Debug|Any CPU.Build.0 = Debug|Any CPU
		{58E20C6E-1CAF-4CBB-93CD-550E015E484A}.Release|Any CPU.ActiveCfg = Release|Any CPU
		{58E20C6E-1CAF-4CBB-93CD-550E015E484A}.Release|Any CPU.Build.0 = Release|Any CPU
		{776A711C-C274-4A21-92AB-500D92B0270D}.Debug|Any CPU.ActiveCfg = Debug|Any CPU
		{776A711C-C274-4A21-92AB-500D92B0270D}.Debug|Any CPU.Build.0 = Debug|Any CPU
		{776A711C-C274-4A21-92AB-500D92B0270D}.Release|Any CPU.ActiveCfg = Release|Any CPU
		{776A711C-C274-4A21-92AB-500D92B0270D}.Release|Any CPU.Build.0 = Release|Any CPU
	EndGlobalSection
	GlobalSection(SolutionProperties) = preSolution
		HideSolutionNode = FALSE
	EndGlobalSection
	GlobalSection(ExtensibilityGlobals) = postSolution
		SolutionGuid = {B67BDDA2-FA01-4A64-A177-A3F4845E7FBE}
	EndGlobalSection
EndGlobal
